
Microsoft Visual Studio Solution File, Format Version 12.00
# Visual Studio Version 17
VisualStudioVersion = 17.14.36414.22
MinimumVisualStudioVersion = 10.0.40219.1
Project("{2150E333-8FDC-42A3-9474-1A3956D46DE8}") = "Director", "Director", "{02EA681E-C7D8-13C7-8484-4AC65E1B71E8}"
EndProject
Project("{2150E333-8FDC-42A3-9474-1A3956D46DE8}") = "Shared Kernel", "Shared Kernel", "{9FC41CCE-0078-4E1D-9082-F6AF9FB14FA8}"
EndProject
Project("{2150E333-8FDC-42A3-9474-1A3956D46DE8}") = "Sortation", "Sortation", "{DD53E619-22C0-48F4-824F-32BEB38A4963}"
EndProject
Project("{FAE04EC0-301F-11D3-BF4B-00C04F79EFBC}") = "WES.Director", "WES.Director\WES.Director.csproj", "{52B3E660-8674-4A73-A56F-E9686312ECCB}"
EndProject
Project("{FAE04EC0-301F-11D3-BF4B-00C04F79EFBC}") = "WES.Sortation", "WES.Sortation\WES.Sortation.csproj", "{B048E630-E6CD-4327-A632-0863D80DB6E6}"
EndProject
Global
	GlobalSection(SolutionConfigurationPlatforms) = preSolution
		Debug|Any CPU = Debug|Any CPU
		Release|Any CPU = Release|Any CPU
	EndGlobalSection
	GlobalSection(ProjectConfigurationPlatforms) = postSolution
		{52B3E660-8674-4A73-A56F-E9686312ECCB}.Debug|Any CPU.ActiveCfg = Debug|Any CPU
		{52B3E660-8674-4A73-A56F-E9686312ECCB}.Debug|Any CPU.Build.0 = Debug|Any CPU
		{52B3E660-8674-4A73-A56F-E9686312ECCB}.Release|Any CPU.ActiveCfg = Release|Any CPU
		{52B3E660-8674-4A73-A56F-E9686312ECCB}.Release|Any CPU.Build.0 = Release|Any CPU
		{B048E630-E6CD-4327-A632-0863D80DB6E6}.Debug|Any CPU.ActiveCfg = Debug|Any CPU
		{B048E630-E6CD-4327-A632-0863D80DB6E6}.Debug|Any CPU.Build.0 = Debug|Any CPU
		{B048E630-E6CD-4327-A632-0863D80DB6E6}.Release|Any CPU.ActiveCfg = Release|Any CPU
		{B048E630-E6CD-4327-A632-0863D80DB6E6}.Release|Any CPU.Build.0 = Release|Any CPU
	EndGlobalSection
	GlobalSection(SolutionProperties) = preSolution
		HideSolutionNode = FALSE
	EndGlobalSection
	GlobalSection(NestedProjects) = preSolution
		{52B3E660-8674-4A73-A56F-E9686312ECCB} = {02EA681E-C7D8-13C7-8484-4AC65E1B71E8}
		{B048E630-E6CD-4327-A632-0863D80DB6E6} = {DD53E619-22C0-48F4-824F-32BEB38A4963}
	EndGlobalSection
	GlobalSection(ExtensibilityGlobals) = postSolution
		SolutionGuid = {9438128F-27A9-4BDE-AE56-9CCDEAC8FF93}
	EndGlobalSection
EndGlobal
